
Microsoft Visual Studio Solution File, Format Version 12.00
# Visual Studio Version 16
VisualStudioVersion = 16.0.30907.101
MinimumVisualStudioVersion = 10.0.40219.1
Project("{FAE04EC0-301F-11D3-BF4B-00C04F79EFBC}") = "BeehiveManagmentSystem", "BeehiveManagmentSystem\BeehiveManagmentSystem.csproj", "{6C63DD37-638F-45C9-953F-36A77FF362BF}"
EndProject
Global
	GlobalSection(SolutionConfigurationPlatforms) = preSolution
		Debug|Any CPU = Debug|Any CPU
		Release|Any CPU = Release|Any CPU
	EndGlobalSection
	GlobalSection(ProjectConfigurationPlatforms) = postSolution
		{6C63DD37-638F-45C9-953F-36A77FF362BF}.Debug|Any CPU.ActiveCfg = Debug|Any CPU
		{6C63DD37-638F-45C9-953F-36A77FF362BF}.Debug|Any CPU.Build.0 = Debug|Any CPU
		{6C63DD37-638F-45C9-953F-36A77FF362BF}.Release|Any CPU.ActiveCfg = Release|Any CPU
		{6C63DD37-638F-45C9-953F-36A77FF362BF}.Release|Any CPU.Build.0 = Release|Any CPU
	EndGlobalSection
	GlobalSection(SolutionProperties) = preSolution
		HideSolutionNode = FALSE
	EndGlobalSection
	GlobalSection(ExtensibilityGlobals) = postSolution
		SolutionGuid = {CC6E4143-C6BE-4FE5-BD58-7CB7EE489B06}
	EndGlobalSection
EndGlobal
